
Microsoft Visual Studio Solution File, Format Version 12.00
# Visual Studio Version 16
VisualStudioVersion = 16.0.32802.440
MinimumVisualStudioVersion = 10.0.40219.1
Project("{8BC9CEB8-8B4A-11D0-8D11-00A0C91BC942}") = "zoo1", "zoo1.vcxproj", "{E8EF3D5F-BB38-4175-95B4-45DEE83A6503}"
EndProject
Global
	GlobalSection(SolutionConfigurationPlatforms) = preSolution
		Debug|x64 = Debug|x64
		Debug|x86 = Debug|x86
		Release|x64 = Release|x64
		Release|x86 = Release|x86
	EndGlobalSection
	GlobalSection(ProjectConfigurationPlatforms) = postSolution
		{E8EF3D5F-BB38-4175-95B4-45DEE83A6503}.Debug|x64.ActiveCfg = Debug|x64
		{E8EF3D5F-BB38-4175-95B4-45DEE83A6503}.Debug|x64.Build.0 = Debug|x64
		{E8EF3D5F-BB38-4175-95B4-45DEE83A6503}.Debug|x86.ActiveCfg = Debug|Win32
		{E8EF3D5F-BB38-4175-95B4-45DEE83A6503}.Debug|x86.Build.0 = Debug|Win32
		{E8EF3D5F-BB38-4175-95B4-45DEE83A6503}.Release|x64.ActiveCfg = Release|x64
		{E8EF3D5F-BB38-4175-95B4-45DEE83A6503}.Release|x64.Build.0 = Release|x64
		{E8EF3D5F-BB38-4175-95B4-45DEE83A6503}.Release|x86.ActiveCfg = Release|Win32
		{E8EF3D5F-BB38-4175-95B4-45DEE83A6503}.Release|x86.Build.0 = Release|Win32
	EndGlobalSection
	GlobalSection(SolutionProperties) = preSolution
		HideSolutionNode = FALSE
	EndGlobalSection
	GlobalSection(ExtensibilityGlobals) = postSolution
		SolutionGuid = {B959C5A4-A5C3-4840-A257-44F4493AEB0E}
	EndGlobalSection
EndGlobal
